
Microsoft Visual Studio Solution File, Format Version 10.00
# Visual Studio 2008
Project("{8BC9CEB8-8B4A-11D0-8D11-00A0C91BC942}") = "Builder", "Builder\Builder.vcproj", "{141F0976-7A25-4AA9-95E9-C0B8FC889C03}"
EndProject
Global
	GlobalSection(SolutionConfigurationPlatforms) = preSolution
		Debug|Win32 = Debug|Win32
		Release|Win32 = Release|Win32
	EndGlobalSection
	GlobalSection(ProjectConfigurationPlatforms) = postSolution
		{141F0976-7A25-4AA9-95E9-C0B8FC889C03}.Debug|Win32.ActiveCfg = Debug|Win32
		{141F0976-7A25-4AA9-95E9-C0B8FC889C03}.Debug|Win32.Build.0 = Debug|Win32
		{141F0976-7A25-4AA9-95E9-C0B8FC889C03}.Release|Win32.ActiveCfg = Release|Win32
		{141F0976-7A25-4AA9-95E9-C0B8FC889C03}.Release|Win32.Build.0 = Release|Win32
	EndGlobalSection
	GlobalSection(SolutionProperties) = preSolution
		HideSolutionNode = FALSE
	EndGlobalSection
EndGlobal
