
Microsoft Visual Studio Solution File, Format Version 10.00
# Visual Studio 2008
Project("{8BC9CEB8-8B4A-11D0-8D11-00A0C91BC942}") = "Command", "Command\Command.vcproj", "{27755D8B-A054-4F50-A4EC-513CF4B6F792}"
EndProject
Global
	GlobalSection(SolutionConfigurationPlatforms) = preSolution
		Debug|Win32 = Debug|Win32
		Release|Win32 = Release|Win32
	EndGlobalSection
	GlobalSection(ProjectConfigurationPlatforms) = postSolution
		{27755D8B-A054-4F50-A4EC-513CF4B6F792}.Debug|Win32.ActiveCfg = Debug|Win32
		{27755D8B-A054-4F50-A4EC-513CF4B6F792}.Debug|Win32.Build.0 = Debug|Win32
		{27755D8B-A054-4F50-A4EC-513CF4B6F792}.Release|Win32.ActiveCfg = Release|Win32
		{27755D8B-A054-4F50-A4EC-513CF4B6F792}.Release|Win32.Build.0 = Release|Win32
	EndGlobalSection
	GlobalSection(SolutionProperties) = preSolution
		HideSolutionNode = FALSE
	EndGlobalSection
EndGlobal
